// !$*UTF8*$!
{
	archiveVersion = 1;
	classes = {
	};
	objectVersion = 46;
	objects = {

/* Begin PBXBuildFile section */
		3BD4FDCA1D1F691800DC6031 /* UISplitViewControllerQuickAccess.h in Headers */ = {isa = PBXBuildFile; fileRef = 3BD4FDC91D1F691800DC6031 /* UISplitViewControllerQuickAccess.h */; settings = {ATTRIBUTES = (Public, ); }; };
		3BD4FDD31D1F698200DC6031 /* UISplitViewController+QuickAccess.h in Headers */ = {isa = PBXBuildFile; fileRef = 3BD4FDD11D1F698200DC6031 /* UISplitViewController+QuickAccess.h */; settings = {ATTRIBUTES = (Public, ); }; };
		3BD4FDD41D1F698200DC6031 /* UISplitViewController+QuickAccess.m in Sources */ = {isa = PBXBuildFile; fileRef = 3BD4FDD21D1F698200DC6031 /* UISplitViewController+QuickAccess.m */; };
/* End PBXBuildFile section */

/* Begin PBXFileReference section */
		3BD4FDC61D1F691800DC6031 /* UISplitViewControllerQuickAccess.framework */ = {isa = PBXFileReference; explicitFileType = wrapper.framework; includeInIndex = 0; path = UISplitViewControllerQuickAccess.framework; sourceTree = BUILT_PRODUCTS_DIR; };
		3BD4FDC91D1F691800DC6031 /* UISplitViewControllerQuickAccess.h */ = {isa = PBXFileReference; lastKnownFileType = sourcecode.c.h; path = UISplitViewControllerQuickAccess.h; sourceTree = "<group>"; };
		3BD4FDCB1D1F691800DC6031 /* Info.plist */ = {isa = PBXFileReference; lastKnownFileType = text.plist.xml; path = Info.plist; sourceTree = "<group>"; };
		3BD4FDD11D1F698200DC6031 /* UISplitViewController+QuickAccess.h */ = {isa = PBXFileReference; fileEncoding = 4; lastKnownFileType = sourcecode.c.h; path = "UISplitViewController+QuickAccess.h"; sourceTree = "<group>"; };
		3BD4FDD21D1F698200DC6031 /* UISplitViewController+QuickAccess.m */ = {isa = PBXFileReference; fileEncoding = 4; lastKnownFileType = sourcecode.c.objc; path = "UISplitViewController+QuickAccess.m"; sourceTree = "<group>"; };
		3BD4FDD51D1F6A0200DC6031 /* README.md */ = {isa = PBXFileReference; lastKnownFileType = net.daringfireball.markdown; path = README.md; sourceTree = "<group>"; };
/* End PBXFileReference section */

/* Begin PBXFrameworksBuildPhase section */
		3BD4FDC21D1F691800DC6031 /* Frameworks */ = {
			isa = PBXFrameworksBuildPhase;
			buildActionMask = 2147483647;
			files = (
			);
			runOnlyForDeploymentPostprocessing = 0;
		};
/* End PBXFrameworksBuildPhase section */

/* Begin PBXGroup section */
		3BD4FDBC1D1F691800DC6031 = {
			isa = PBXGroup;
			children = (
				3BD4FDD51D1F6A0200DC6031 /* README.md */,
				3BD4FDC81D1F691800DC6031 /* UISplitViewControllerQuickAccess */,
				3BD4FDC71D1F691800DC6031 /* Products */,
			);
			sourceTree = "<group>";
		};
		3BD4FDC71D1F691800DC6031 /* Products */ = {
			isa = PBXGroup;
			children = (
				3BD4FDC61D1F691800DC6031 /* UISplitViewControllerQuickAccess.framework */,
			);
			name = Products;
			sourceTree = "<group>";
		};
		3BD4FDC81D1F691800DC6031 /* UISplitViewControllerQuickAccess */ = {
			isa = PBXGroup;
			children = (
				3BD4FDC91D1F691800DC6031 /* UISplitViewControllerQuickAccess.h */,
				3BD4FDCB1D1F691800DC6031 /* Info.plist */,
				3BD4FDD11D1F698200DC6031 /* UISplitViewController+QuickAccess.h */,
				3BD4FDD21D1F698200DC6031 /* UISplitViewController+QuickAccess.m */,
			);
			path = UISplitViewControllerQuickAccess;
			sourceTree = "<group>";
		};
/* End PBXGroup section */

/* Begin PBXHeadersBuildPhase section */
		3BD4FDC31D1F691800DC6031 /* Headers */ = {
			isa = PBXHeadersBuildPhase;
			buildActionMask = 2147483647;
			files = (
				3BD4FDD31D1F698200DC6031 /* UISplitViewController+QuickAccess.h in Headers */,
				3BD4FDCA1D1F691800DC6031 /* UISplitViewControllerQuickAccess.h in Headers */,
			);
			runOnlyForDeploymentPostprocessing = 0;
		};
/* End PBXHeadersBuildPhase section */

/* Begin PBXNativeTarget section */
		3BD4FDC51D1F691800DC6031 /* UISplitViewControllerQuickAccess */ = {
			isa = PBXNativeTarget;
			buildConfigurationList = 3BD4FDCE1D1F691800DC6031 /* Build configuration list for PBXNativeTarget "UISplitViewControllerQuickAccess" */;
			buildPhases = (
				3BD4FDC11D1F691800DC6031 /* Sources */,
				3BD4FDC21D1F691800DC6031 /* Frameworks */,
				3BD4FDC31D1F691800DC6031 /* Headers */,
				3BD4FDC41D1F691800DC6031 /* Resources */,
			);
			buildRules = (
			);
			dependencies = (
			);
			name = UISplitViewControllerQuickAccess;
			productName = UISplitViewControllerQuickAccess;
			productReference = 3BD4FDC61D1F691800DC6031 /* UISplitViewControllerQuickAccess.framework */;
			productType = "com.apple.product-type.framework";
		};
/* End PBXNativeTarget section */

/* Begin PBXProject section */
		3BD4FDBD1D1F691800DC6031 /* Project object */ = {
			isa = PBXProject;
			attributes = {
				LastUpgradeCheck = 0730;
				ORGANIZATIONNAME = "Timothy Sanders";
				TargetAttributes = {
					3BD4FDC51D1F691800DC6031 = {
						CreatedOnToolsVersion = 7.3.1;
					};
				};
			};
			buildConfigurationList = 3BD4FDC01D1F691800DC6031 /* Build configuration list for PBXProject "UISplitViewControllerQuickAccess" */;
			compatibilityVersion = "Xcode 3.2";
			developmentRegion = English;
			hasScannedForEncodings = 0;
			knownRegions = (
				en,
			);
			mainGroup = 3BD4FDBC1D1F691800DC6031;
			productRefGroup = 3BD4FDC71D1F691800DC6031 /* Products */;
			projectDirPath = "";
			projectRoot = "";
			targets = (
				3BD4FDC51D1F691800DC6031 /* UISplitViewControllerQuickAccess */,
			);
		};
/* End PBXProject section */

/* Begin PBXResourcesBuildPhase section */
		3BD4FDC41D1F691800DC6031 /* Resources */ = {
			isa = PBXResourcesBuildPhase;
			buildActionMask = 2147483647;
			files = (
			);
			runOnlyForDeploymentPostprocessing = 0;
		};
/* End PBXResourcesBuildPhase section */

/* Begin PBXSourcesBuildPhase section */
		3BD4FDC11D1F691800DC6031 /* Sources */ = {
			isa = PBXSourcesBuildPhase;
			buildActionMask = 2147483647;
			files = (
				3BD4FDD41D1F698200DC6031 /* UISplitViewController+QuickAccess.m in Sources */,
			);
			runOnlyForDeploymentPostprocessing = 0;
		};
/* End PBXSourcesBuildPhase section */

/* Begin XCBuildConfiguration section */
		3BD4FDCC1D1F691800DC6031 /* Debug */ = {
			isa = XCBuildConfiguration;
			buildSettings = {
				ALWAYS_SEARCH_USER_PATHS = NO;
				CLANG_ANALYZER_NONNULL = YES;
				CLANG_CXX_LANGUAGE_STANDARD = "gnu++0x";
				CLANG_CXX_LIBRARY = "libc++";
				CLANG_ENABLE_MODULES = YES;
				CLANG_ENABLE_OBJC_ARC = YES;
				CLANG_WARN_BOOL_CONVERSION = YES;
				CLANG_WARN_CONSTANT_CONVERSION = YES;
				CLANG_WARN_DIRECT_OBJC_ISA_USAGE = YES_ERROR;
				CLANG_WARN_EMPTY_BODY = YES;
				CLANG_WARN_ENUM_CONVERSION = YES;
				CLANG_WARN_INT_CONVERSION = YES;
				CLANG_WARN_OBJC_ROOT_CLASS = YES_ERROR;
				CLANG_WARN_UNREACHABLE_CODE = YES;
				CLANG_WARN__DUPLICATE_METHOD_MATCH = YES;
				"CODE_SIGN_IDENTITY[sdk=iphoneos*]" = "iPhone Developer";
				COPY_PHASE_STRIP = NO;
				CURRENT_PROJECT_VERSION = 1;
				DEBUG_INFORMATION_FORMAT = dwarf;
				ENABLE_STRICT_OBJC_MSGSEND = YES;
				ENABLE_TESTABILITY = YES;
				GCC_C_LANGUAGE_STANDARD = gnu99;
				GCC_DYNAMIC_NO_PIC = NO;
				GCC_NO_COMMON_BLOCKS = YES;
				GCC_OPTIMIZATION_LEVEL = 0;
				GCC_PREPROCESSOR_DEFINITIONS = (
					"DEBUG=1",
					"$(inherited)",
				);
				GCC_WARN_64_TO_32_BIT_CONVERSION = YES;
				GCC_WARN_ABOUT_RETURN_TYPE = YES_ERROR;
				GCC_WARN_UNDECLARED_SELECTOR = YES;
				GCC_WARN_UNINITIALIZED_AUTOS = YES_AGGRESSIVE;
				GCC_WARN_UNUSED_FUNCTION = YES;
				GCC_WARN_UNUSED_VARIABLE = YES;
				IPHONEOS_DEPLOYMENT_TARGET = 9.3;
				MTL_ENABLE_DEBUG_INFO = YES;
				ONLY_ACTIVE_ARCH = YES;
				SDKROOT = iphoneos;
				TARGETED_DEVICE_FAMILY = "1,2";
				VERSIONING_SYSTEM = "apple-generic";
				VERSION_INFO_PREFIX = "";
			};
			name = Debug;
		};
		3BD4FDCD1D1F691800DC6031 /* Release */ = {
			isa = XCBuildConfiguration;
			buildSettings = {
				ALWAYS_SEARCH_USER_PATHS = NO;
				CLANG_ANALYZER_NONNULL = YES;
				CLANG_CXX_LANGUAGE_STANDARD = "gnu++0x";
				CLANG_CXX_LIBRARY = "libc++";
				CLANG_ENABLE_MODULES = YES;
				CLANG_ENABLE_OBJC_ARC = YES;
				CLANG_WARN_BOOL_CONVERSION = YES;
				CLANG_WARN_CONSTANT_CONVERSION = YES;
				CLANG_WARN_DIRECT_OBJC_ISA_USAGE = YES_ERROR;
				CLANG_WARN_EMPTY_BODY = YES;
				CLANG_WARN_ENUM_CONVERSION = YES;
				CLANG_WARN_INT_CONVERSION = YES;
				CLANG_WARN_OBJC_ROOT_CLASS = YES_ERROR;
				CLANG_WARN_UNREACHABLE_CODE = YES;
				CLANG_WARN__DUPLICATE_METHOD_MATCH = YES;
				"CODE_SIGN_IDENTITY[sdk=iphoneos*]" = "iPhone Developer";
				COPY_PHASE_STRIP = NO;
				CURRENT_PROJECT_VERSION = 1;
				DEBUG_INFORMATION_FORMAT = "dwarf-with-dsym";
				ENABLE_NS_ASSERTIONS = NO;
				ENABLE_STRICT_OBJC_MSGSEND = YES;
				GCC_C_LANGUAGE_STANDARD = gnu99;
				GCC_NO_COMMON_BLOCKS = YES;
				GCC_WARN_64_TO_32_BIT_CONVERSION = YES;
				GCC_WARN_ABOUT_RETURN_TYPE = YES_ERROR;
				GCC_WARN_UNDECLARED_SELECTOR = YES;
				GCC_WARN_UNINITIALIZED_AUTOS = YES_AGGRESSIVE;
				GCC_WARN_UNUSED_FUNCTION = YES;
				GCC_WARN_UNUSED_VARIABLE = YES;
				IPHONEOS_DEPLOYMENT_TARGET = 9.3;
				MTL_ENABLE_DEBUG_INFO = NO;
				SDKROOT = iphoneos;
				TARGETED_DEVICE_FAMILY = "1,2";
				VALIDATE_PRODUCT = YES;
				VERSIONING_SYSTEM = "apple-generic";
				VERSION_INFO_PREFIX = "";
			};
			name = Release;
		};
		3BD4FDCF1D1F691800DC6031 /* Debug */ = {
			isa = XCBuildConfiguration;
			buildSettings = {
				DEFINES_MODULE = YES;
				DYLIB_COMPATIBILITY_VERSION = 1;
				DYLIB_CURRENT_VERSION = 1;
				DYLIB_INSTALL_NAME_BASE = "@rpath";
				INFOPLIST_FILE = UISplitViewControllerQuickAccess/Info.plist;
				INSTALL_PATH = "$(LOCAL_LIBRARY_DIR)/Frameworks";
				LD_RUNPATH_SEARCH_PATHS = "$(inherited) @executable_path/Frameworks @loader_path/Frameworks";
				PRODUCT_BUNDLE_IDENTIFIER = com.hiddenjester.UISplitViewControllerQuickAccess;
				PRODUCT_NAME = "$(TARGET_NAME)";
				SKIP_INSTALL = YES;
			};
			name = Debug;
		};
		3BD4FDD01D1F691800DC6031 /* Release */ = {
			isa = XCBuildConfiguration;
			buildSettings = {
				DEFINES_MODULE = YES;
				DYLIB_COMPATIBILITY_VERSION = 1;
				DYLIB_CURRENT_VERSION = 1;
				DYLIB_INSTALL_NAME_BASE = "@rpath";
				INFOPLIST_FILE = UISplitViewControllerQuickAccess/Info.plist;
				INSTALL_PATH = "$(LOCAL_LIBRARY_DIR)/Frameworks";
				LD_RUNPATH_SEARCH_PATHS = "$(inherited) @executable_path/Frameworks @loader_path/Frameworks";
				PRODUCT_BUNDLE_IDENTIFIER = com.hiddenjester.UISplitViewControllerQuickAccess;
				PRODUCT_NAME = "$(TARGET_NAME)";
				SKIP_INSTALL = YES;
			};
			name = Release;
		};
/* End XCBuildConfiguration section */

/* Begin XCConfigurationList section */
		3BD4FDC01D1F691800DC6031 /* Build configuration list for PBXProject "UISplitViewControllerQuickAccess" */ = {
			isa = XCConfigurationList;
			buildConfigurations = (
				3BD4FDCC1D1F691800DC6031 /* Debug */,
				3BD4FDCD1D1F691800DC6031 /* Release */,
			);
			defaultConfigurationIsVisible = 0;
			defaultConfigurationName = Release;
		};
		3BD4FDCE1D1F691800DC6031 /* Build configuration list for PBXNativeTarget "UISplitViewControllerQuickAccess" */ = {
			isa = XCConfigurationList;
			buildConfigurations = (
				3BD4FDCF1D1F691800DC6031 /* Debug */,
				3BD4FDD01D1F691800DC6031 /* Release */,
			);
			defaultConfigurationIsVisible = 0;
			defaultConfigurationName = Release;
		};
/* End XCConfigurationList section */
	};
	rootObject = 3BD4FDBD1D1F691800DC6031 /* Project object */;
}
